# THIS IS AN AUTOGENERATED FILE. DO NOT EDIT THIS FILE DIRECTLY.
# yarn lockfile v1


"@capacitor-community/bluetooth-le@~2.0.1":
  version "2.0.1"
  resolved "https://registry.yarnpkg.com/@capacitor-community/bluetooth-le/-/bluetooth-le-2.0.1.tgz#0b40f1c7a8bf83738b670e146e33656a9d602f36"
  integrity sha512-K8NOAvzHKdwy+Ql9Y8hvtZh5gj5pnleAD8Q89HM9FDMbTsZmyBID0FcPGJxAZVRAb9VuaID3YykluRM7Up27ew==
  dependencies:
    "@types/web-bluetooth" "^0.0.15"
    throat "^6.0.1"

"@lit/reactive-element@^1.3.0", "@lit/reactive-element@^1.5.0":
  version "1.5.0"
  resolved "https://registry.yarnpkg.com/@lit/reactive-element/-/reactive-element-1.5.0.tgz#344cc33f2d1491d094b8ef824a9fe31d150d2375"
  integrity sha512-fQh9FDK0LPTwDk+0HhSZEtb8K0LTN1wXerwpGrWA+a8tWulYRDLI4vQDWp4GOIsewn0572KYV/oZ3+492D7osA==

"@types/trusted-types@^2.0.2":
  version "2.0.2"
  resolved "https://registry.yarnpkg.com/@types/trusted-types/-/trusted-types-2.0.2.tgz#fc25ad9943bcac11cceb8168db4f275e0e72e756"
  integrity sha512-F5DIZ36YVLE+PN+Zwws4kJogq47hNgX3Nx6WyDJ3kcplxyke3XIzB8uK5n/Lpm1HBsbGzd6nmGehL8cPekP+Tg==

"@types/web-bluetooth@^0.0.15":
  version "0.0.15"
  resolved "https://registry.yarnpkg.com/@types/web-bluetooth/-/web-bluetooth-0.0.15.tgz#d60330046a6ed8a13b4a53df3813c44942ebdf72"
  integrity sha512-w7hEHXnPMEZ+4nGKl/KDRVpxkwYxYExuHOYXyzIzCDzEZ9ZCGMAewulr9IqJu2LR4N37fcnb1XVeuZ09qgOxhA==

async@^2.1.4:
  version "2.6.4"
  resolved "https://registry.yarnpkg.com/async/-/async-2.6.4.tgz#706b7ff6084664cd7eae713f6f965433b5504221"
  integrity sha512-mzo5dfJYwAn29PeiJ0zvwTo04zj8HDJj0Mn8TD7sno7q12prdbnasKJHhkm2c1LgrhlJ0teaea8860oxi51mGA==
  dependencies:
    lodash "^4.17.14"

better-sse@~0.8.0:
  version "0.8.0"
  resolved "https://registry.yarnpkg.com/better-sse/-/better-sse-0.8.0.tgz#2939fae49209f3e00d16da3edfe039a09a941177"
  integrity sha512-ymOse8R0L+R2S1W85yOGkkc+yTzAmo52S4erjxPyBVwpqjpS+X228BG7hDwgKsGV/D51YhCYd+eaDwJ+sL5JhA==

brainsatplay-math@~0.0.25:
  version "0.0.25"
  resolved "https://registry.yarnpkg.com/brainsatplay-math/-/brainsatplay-math-0.0.25.tgz#190d54fffed8270c9482273313f8f09420f63137"
  integrity sha512-J2s+/4osnjVVqqKVwuCuYbr9eGhXF4eFsGq/ImPIHICx0+1hJHoUN1XVCyiC8rOM7Nf0/8mmtVknzEeayVc7sQ==

browserfs@^1.4.3:
  version "1.4.3"
  resolved "https://registry.yarnpkg.com/browserfs/-/browserfs-1.4.3.tgz#92ffc6063967612daccdb8566d3fc03f521205fb"
  integrity sha512-tz8HClVrzTJshcyIu8frE15cjqjcBIu15Bezxsvl/i+6f59iNCN3kznlWjz0FEb3DlnDx3gW5szxeT6D1x0s0w==
  dependencies:
    async "^2.1.4"
    pako "^1.0.4"

bson-objectid@~2.0.3, bson-objectid@~2.0.4:
  version "2.0.4"
  resolved "https://registry.yarnpkg.com/bson-objectid/-/bson-objectid-2.0.4.tgz#339211572ef97dc98f2d68eaee7b99b7be59a089"
  integrity sha512-vgnKAUzcDoa+AeyYwXCoHyF2q6u/8H46dxu5JN+4/TZeq/Dlinn0K6GvxsCLb3LHUJl0m/TLiEK31kUwtgocMQ==

data-uri-to-buffer@^4.0.0:
  version "4.0.0"
  resolved "https://registry.yarnpkg.com/data-uri-to-buffer/-/data-uri-to-buffer-4.0.0.tgz#b5db46aea50f6176428ac05b73be39a57701a64b"
  integrity sha512-Vr3mLBA8qWmcuschSLAOogKgQ/Jwxulv3RNE4FXnYWRGujzrRWQI4m12fQqRkwX06C0KanhLr4hK+GydchZsaA==

device-decoder@^0.3.1:
  version "0.3.1"
  resolved "https://registry.yarnpkg.com/device-decoder/-/device-decoder-0.3.1.tgz#eea40ac4e2cfa399ee92b50a2f5a0804677e8edd"
  integrity sha512-EunuyPNE7Y5Ltjrgyw+fcT4bmWzzpovZu0H7ezNTEBhgLeC5AewVJlOCv8Qs9FVghzbBb+HaslT6+XJ7MbI1OA==
  dependencies:
    "@capacitor-community/bluetooth-le" "~2.0.1"
    brainsatplay-math "~0.0.25"
    graphscript "~0.2.21"
    graphscript-services "~0.2.21"
    graphscript-services.gpu "~0.2.7"
    graphscript-services.storage "~0.2.7"
    webgl-plot-utils "~0.3.13"

fetch-blob@^3.1.2, fetch-blob@^3.1.4:
  version "3.2.0"
  resolved "https://registry.yarnpkg.com/fetch-blob/-/fetch-blob-3.2.0.tgz#f09b8d4bbd45adc6f0c20b7e787e793e309dcce9"
  integrity sha512-7yAQpD2UMJzLi1Dqv7qFYnPbaPx7ZfFK6PiIxQ4PfkGPyNyl2Ugx+a/umUonmKqjhM4DnfbMvdX6otXq83soQQ==
  dependencies:
    node-domexception "^1.0.0"
    web-streams-polyfill "^3.0.3"

formdata-polyfill@^4.0.10:
  version "4.0.10"
  resolved "https://registry.yarnpkg.com/formdata-polyfill/-/formdata-polyfill-4.0.10.tgz#24807c31c9d402e002ab3d8c720144ceb8848423"
  integrity sha512-buewHzMvYL29jdeQTVILecSaZKnt/RJWjoZCF5OW60Z67/GmSLBkOFM7qh1PI3zFNtJbaZL5eQu1vLfazOwj4g==
  dependencies:
    fetch-blob "^3.1.2"

gpujsutils@~1.0.12:
  version "1.0.12"
  resolved "https://registry.yarnpkg.com/gpujsutils/-/gpujsutils-1.0.12.tgz#390874df5e6d0fdae8b674c22edc6f198a411bc0"
  integrity sha512-Zu6k59yavNqprmGGlrZT7fEVVex1Y5MWH/Eq7N5Mx8FrYRotmhtf2H4lAtlX9kR+TxffW51JUruJXnFOEvUg4Q==

graphscript-services.gpu@~0.2.7:
  version "0.2.7"
  resolved "https://registry.yarnpkg.com/graphscript-services.gpu/-/graphscript-services.gpu-0.2.7.tgz#18322d2de3b3ae297f9c1c980879b86c3ec6b88c"
  integrity sha512-SqBAxPu+x42oUqTiQsaeYbaudAK8lLqrnM8dat/WcLjkXEwD+BcrzBMRNeuPulXu6vdq3h9I0i51fWmFQ6bEVw==
  dependencies:
    brainsatplay-math "~0.0.25"
    browserfs "^1.4.3"
    bson-objectid "~2.0.3"
    gpujsutils "~1.0.12"
    webgl-plot-utils "~0.3.13"

graphscript-services.storage@~0.2.7:
  version "0.2.7"
  resolved "https://registry.yarnpkg.com/graphscript-services.storage/-/graphscript-services.storage-0.2.7.tgz#aa5375d6f97eba6fc8b9c27cc40f1c991cd96fcb"
  integrity sha512-ONWgeeSjMwloMkubycEm4E5BS6/QP2mLbZ+Ix/sWjVBZExuq9vrSDJwn94aXHHLNvpE4a8u0XQZVcsdp0qmc1w==
  dependencies:
    brainsatplay-math "~0.0.25"
    browserfs "^1.4.3"
    bson-objectid "~2.0.4"
    gpujsutils "~1.0.12"
    webgl-plot-utils "~0.3.13"

graphscript-services@~0.2.21:
  version "0.2.24"
  resolved "https://registry.yarnpkg.com/graphscript-services/-/graphscript-services-0.2.24.tgz#02a75f6bd41f9c2ee91d91931e4fc3efd1f729e0"
  integrity sha512-DhKlUITie66U9+XII/T4cd2t9wV6As1HBBNgXRrZGmT7i5AGntuRgqei3NVEivvFpenjI8igMYPrWzyDVT4xDw==
  dependencies:
    brainsatplay-math "~0.0.25"
    browserfs "^1.4.3"
    bson-objectid "~2.0.4"
    gpujsutils "~1.0.12"
    web-worker "^1.2.0"
    webgl-plot-utils "~0.3.13"

graphscript@~0.2.21:
  version "0.2.23"
  resolved "https://registry.yarnpkg.com/graphscript/-/graphscript-0.2.23.tgz#64e8fcb06b748d2b075866ec54d9b24e99715b51"
  integrity sha512-/seHPBuzazDlz3nU9oT72MeFS1l5lRSoBMtSxFHaQExQXLugng2vZM/SXl5Au82QBD2UH2eozuRPA4/S8i2yCg==
  dependencies:
    better-sse "~0.8.0"
    brainsatplay-math "~0.0.25"
    bson-objectid "~2.0.3"
    web-worker "~1.2.0"
    ws "~8.11.0"

lit-element@^3.2.0:
  version "3.2.2"
  resolved "https://registry.yarnpkg.com/lit-element/-/lit-element-3.2.2.tgz#d148ab6bf4c53a33f707a5168e087725499e5f2b"
  integrity sha512-6ZgxBR9KNroqKb6+htkyBwD90XGRiqKDHVrW/Eh0EZ+l+iC+u+v+w3/BA5NGi4nizAVHGYvQBHUDuSmLjPp7NQ==
  dependencies:
    "@lit/reactive-element" "^1.3.0"
    lit-html "^2.2.0"

lit-html@^2.2.0, lit-html@^2.5.0:
  version "2.5.0"
  resolved "https://registry.yarnpkg.com/lit-html/-/lit-html-2.5.0.tgz#9d4c0bb3652a6b10bc4ccdb627dfa9eff1215474"
  integrity sha512-bLHosg1XL3JRUcKdSVI0sLCs0y1wWrj2sqqAN3cZ7bDDPNgmDHH29RV48x6Wz3ZmkxIupaE+z7uXSZ/pXWAO1g==
  dependencies:
    "@types/trusted-types" "^2.0.2"

lit@^2.4.1:
  version "2.5.0"
  resolved "https://registry.yarnpkg.com/lit/-/lit-2.5.0.tgz#3a425d69ff8483effb2026957b86ae45de0bc51a"
  integrity sha512-DtnUP6vR3l4Q8nRPPNBD+UxbAhwJPeky+OVbi3pdgMqm0g57xFSl1Sj64D1rIB+nVNdiVVg8YxB0hqKjvdadZA==
  dependencies:
    "@lit/reactive-element" "^1.5.0"
    lit-element "^3.2.0"
    lit-html "^2.5.0"

lodash@^4.17.14:
  version "4.17.21"
  resolved "https://registry.yarnpkg.com/lodash/-/lodash-4.17.21.tgz#679591c564c3bffaae8454cf0b3df370c3d6911c"
  integrity sha512-v2kDEe57lecTulaDIuNTPy3Ry4gLGJ6Z1O3vE1krgXZNrsQ+LFTGHVxVjcXPs17LhbZVGedAJv8XZ1tvj5FvSg==

node-domexception@^1.0.0:
  version "1.0.0"
  resolved "https://registry.yarnpkg.com/node-domexception/-/node-domexception-1.0.0.tgz#6888db46a1f71c0b76b3f7555016b63fe64766e5"
  integrity sha512-/jKZoMpw0F8GRwl4/eLROPA3cfcXtLApP0QzLmUT/HuPCZWyB7IY9ZrMeKw2O/nFIqPQB3PVM9aYm0F312AXDQ==

node-fetch@^3.3.0:
  version "3.3.0"
  resolved "https://registry.yarnpkg.com/node-fetch/-/node-fetch-3.3.0.tgz#37e71db4ecc257057af828d523a7243d651d91e4"
  integrity sha512-BKwRP/O0UvoMKp7GNdwPlObhYGB5DQqwhEDQlNKuoqwVYSxkSZCSbHjnFFmUEtwSKRPU4kNK8PbDYYitwaE3QA==
  dependencies:
    data-uri-to-buffer "^4.0.0"
    fetch-blob "^3.1.4"
    formdata-polyfill "^4.0.10"

pako@^1.0.4:
  version "1.0.11"
  resolved "https://registry.yarnpkg.com/pako/-/pako-1.0.11.tgz#6c9599d340d54dfd3946380252a35705a6b992bf"
  integrity sha512-4hLB8Py4zZce5s4yd9XzopqwVv/yGNhV1Bl8NTmCq1763HeK2+EwVTv+leGeL13Dnh2wfbqowVPXCIO0z4taYw==

resize-observer-polyfill@^1.5.1:
  version "1.5.1"
  resolved "https://registry.yarnpkg.com/resize-observer-polyfill/-/resize-observer-polyfill-1.5.1.tgz#0e9020dd3d21024458d4ebd27e23e40269810464"
  integrity sha512-LwZrotdHOo12nQuZlHEmtuXdqGoOD0OhaxopaNFxWzInpEgaLWoVuAMbTzixuosCx2nEG58ngzW3vxdWoxIgdg==

throat@^6.0.1:
  version "6.0.1"
  resolved "https://registry.yarnpkg.com/throat/-/throat-6.0.1.tgz#d514fedad95740c12c2d7fc70ea863eb51ade375"
  integrity sha512-8hmiGIJMDlwjg7dlJ4yKGLK8EsYqKgPWbG3b4wjJddKNwc7N7Dpn08Df4szr/sZdMVeOstrdYSsqzX6BYbcB+w==

web-streams-polyfill@^3.0.3:
  version "3.2.1"
  resolved "https://registry.yarnpkg.com/web-streams-polyfill/-/web-streams-polyfill-3.2.1.tgz#71c2718c52b45fd49dbeee88634b3a60ceab42a6"
  integrity sha512-e0MO3wdXWKrLbL0DgGnUV7WHVuw9OUvL4hjgnPkIeEvESk74gAITi5G606JtZPp39cd8HA9VQzCIvA49LpPN5Q==

web-worker@^1.2.0, web-worker@~1.2.0:
  version "1.2.0"
  resolved "https://registry.yarnpkg.com/web-worker/-/web-worker-1.2.0.tgz#5d85a04a7fbc1e7db58f66595d7a3ac7c9c180da"
  integrity sha512-PgF341avzqyx60neE9DD+XS26MMNMoUQRz9NOZwW32nPQrF6p77f1htcnjBSEV8BGMKZ16choqUG4hyI0Hx7mA==

webgl-plot-utils@~0.3.13:
  version "0.3.13"
  resolved "https://registry.yarnpkg.com/webgl-plot-utils/-/webgl-plot-utils-0.3.13.tgz#b203688934c192b1cbdb64365cdc6a2f7c769c41"
  integrity sha512-uXUK4kmau2HZYrZ3gGy3olKnmYAXNAMfEIzuzD28pxQrmerxZPm73scyxeTph65l06W9gJwAB4OTDWrD5n4MWg==
  dependencies:
    webgl-plot "~0.7.0"

webgl-plot@~0.7.0:
  version "0.7.0"
  resolved "https://registry.yarnpkg.com/webgl-plot/-/webgl-plot-0.7.0.tgz#7be002ab5069f04661fc356e7bbde82d2a444cb4"
  integrity sha512-/prs3XMFKlXcov3qvx3LxqMws0Dg68kmmHmO82Qm6FFGpeKME7c3nuVqSe9CG47BvG9mGVPxDMjRc0DP/jTc2A==

ws@~8.11.0:
  version "8.11.0"
  resolved "https://registry.yarnpkg.com/ws/-/ws-8.11.0.tgz#6a0d36b8edfd9f96d8b25683db2f8d7de6e8e143"
  integrity sha512-HPG3wQd9sNQoT9xHyNCXoDUa+Xw/VevmY9FoHyQ+g+rrMn4j6FB4np7Z0OhdTgjx6MgQLK7jwSy1YecU1+4Asg==
