{
    "name": "escode-device-filter",
    "version": "0.0.1",
    "lockfileVersion": 2,
    "requires": true,
    "packages": {
        "": {
            "name": "escode-device-filter",
            "version": "0.0.1",
            "dependencies": {
                "biquadjs": "^1.0.0"
            }
        },
        "../../../../../tinybuild": {
            "version": "0.3.172",
            "extraneous": true,
            "license": "AGPL-3.0-or-later",
            "dependencies": {
                "chokidar": "~3.5.3",
                "esbuild": "~0.14.49",
                "ws": "^8.5.0"
            },
            "bin": {
                "tinybuild": "tinybuild/bin/global.js"
            },
            "peerDependencies": {
                "typescript": "~4.6.4"
            }
        },
        "node_modules/biquadjs": {
            "version": "1.0.0",
            "resolved": "https://registry.npmjs.org/biquadjs/-/biquadjs-1.0.0.tgz",
            "integrity": "sha512-BKAaAsvjl1WQ32a2g8lxY+PfS/xYK5aeMATcqs3QPOWeQSSNQviHFP5eDP3MdYUJ3ZzILeYoPQc+m97Q/xJuDA=="
        }
    },
    "dependencies": {
        "biquadjs": {
            "version": "1.0.0",
            "resolved": "https://registry.npmjs.org/biquadjs/-/biquadjs-1.0.0.tgz",
            "integrity": "sha512-BKAaAsvjl1WQ32a2g8lxY+PfS/xYK5aeMATcqs3QPOWeQSSNQviHFP5eDP3MdYUJ3ZzILeYoPQc+m97Q/xJuDA=="
        }
    }
}
