{
  "name": "tinybuildapp1331",
  "version": "0.0.0",
  "lockfileVersion": 2,
  "requires": true,
  "packages": {
    "": {
      "name": "tinybuildapp1331",
      "version": "0.0.0",
      "license": "AGPL-3.0-or-later",
      "dependencies": {
        "escompose": "^0.0.27"
      },
      "devDependencies": {}
    },
    "node_modules/escompose": {
      "version": "0.0.27",
      "resolved": "https://registry.npmjs.org/escompose/-/escompose-0.0.27.tgz",
      "integrity": "sha512-w+16v76fJR9z+EpxOGaTBWAugL+szPMQv9j+XfMjL8ji6xb0oHgQYf0od2OboTqLYUS0cu01r7bb+5TXj9LCmg=="
    }
  },
  "dependencies": {
    "escompose": {
      "version": "0.0.27",
      "resolved": "https://registry.npmjs.org/escompose/-/escompose-0.0.27.tgz",
      "integrity": "sha512-w+16v76fJR9z+EpxOGaTBWAugL+szPMQv9j+XfMjL8ji6xb0oHgQYf0od2OboTqLYUS0cu01r7bb+5TXj9LCmg=="
    }
  }
}
