# THIS IS AN AUTOGENERATED FILE. DO NOT EDIT THIS FILE DIRECTLY.
# yarn lockfile v1


escompose@^0.0.27:
  version "0.0.27"
  resolved "https://registry.yarnpkg.com/escompose/-/escompose-0.0.27.tgz#cffb0a601df7935470feeb0d6caf5a1ff78f1db6"
  integrity sha512-w+16v76fJR9z+EpxOGaTBWAugL+szPMQv9j+XfMjL8ji6xb0oHgQYf0od2OboTqLYUS0cu01r7bb+5TXj9LCmg==
