# THIS IS AN AUTOGENERATED FILE. DO NOT EDIT THIS FILE DIRECTLY.
# yarn lockfile v1


"@capacitor-community/bluetooth-le@~2.0.1":
  "integrity" "sha512-K8NOAvzHKdwy+Ql9Y8hvtZh5gj5pnleAD8Q89HM9FDMbTsZmyBID0FcPGJxAZVRAb9VuaID3YykluRM7Up27ew=="
  "resolved" "https://registry.npmjs.org/@capacitor-community/bluetooth-le/-/bluetooth-le-2.0.1.tgz"
  "version" "2.0.1"
  dependencies:
    "@types/web-bluetooth" "^0.0.15"
    "throat" "^6.0.1"

"@capacitor/core@^4.0.0":
  "integrity" "sha512-VJTUoZWUCVrp1cV1S4rqAwcV1/bF7KSVI4+/YUdVIBoHwnNxVweX15k5/etIeUZYaWxM6jwS2iIK9I86+G7ccQ=="
  "resolved" "https://registry.npmjs.org/@capacitor/core/-/core-4.6.3.tgz"
  "version" "4.6.3"
  dependencies:
    "tslib" "^2.1.0"

"@lit/reactive-element@^1.3.0", "@lit/reactive-element@^1.5.0":
  "integrity" "sha512-fQh9FDK0LPTwDk+0HhSZEtb8K0LTN1wXerwpGrWA+a8tWulYRDLI4vQDWp4GOIsewn0572KYV/oZ3+492D7osA=="
  "resolved" "https://registry.npmjs.org/@lit/reactive-element/-/reactive-element-1.5.0.tgz"
  "version" "1.5.0"

"@types/trusted-types@^2.0.2":
  "integrity" "sha512-F5DIZ36YVLE+PN+Zwws4kJogq47hNgX3Nx6WyDJ3kcplxyke3XIzB8uK5n/Lpm1HBsbGzd6nmGehL8cPekP+Tg=="
  "resolved" "https://registry.npmjs.org/@types/trusted-types/-/trusted-types-2.0.2.tgz"
  "version" "2.0.2"

"@types/web-bluetooth@^0.0.15":
  "integrity" "sha512-w7hEHXnPMEZ+4nGKl/KDRVpxkwYxYExuHOYXyzIzCDzEZ9ZCGMAewulr9IqJu2LR4N37fcnb1XVeuZ09qgOxhA=="
  "resolved" "https://registry.npmjs.org/@types/web-bluetooth/-/web-bluetooth-0.0.15.tgz"
  "version" "0.0.15"

"async@^2.1.4":
  "integrity" "sha512-mzo5dfJYwAn29PeiJ0zvwTo04zj8HDJj0Mn8TD7sno7q12prdbnasKJHhkm2c1LgrhlJ0teaea8860oxi51mGA=="
  "resolved" "https://registry.npmjs.org/async/-/async-2.6.4.tgz"
  "version" "2.6.4"
  dependencies:
    "lodash" "^4.17.14"

"better-sse@~0.8.0":
  "integrity" "sha512-ymOse8R0L+R2S1W85yOGkkc+yTzAmo52S4erjxPyBVwpqjpS+X228BG7hDwgKsGV/D51YhCYd+eaDwJ+sL5JhA=="
  "resolved" "https://registry.npmjs.org/better-sse/-/better-sse-0.8.0.tgz"
  "version" "0.8.0"

"biquadjs@^1.0.0":
  "integrity" "sha512-BKAaAsvjl1WQ32a2g8lxY+PfS/xYK5aeMATcqs3QPOWeQSSNQviHFP5eDP3MdYUJ3ZzILeYoPQc+m97Q/xJuDA=="
  "resolved" "https://registry.npmjs.org/biquadjs/-/biquadjs-1.0.0.tgz"
  "version" "1.0.0"

"brainsatplay-math@~0.0.25":
  "integrity" "sha512-J2s+/4osnjVVqqKVwuCuYbr9eGhXF4eFsGq/ImPIHICx0+1hJHoUN1XVCyiC8rOM7Nf0/8mmtVknzEeayVc7sQ=="
  "resolved" "https://registry.npmjs.org/brainsatplay-math/-/brainsatplay-math-0.0.25.tgz"
  "version" "0.0.25"

"browserfs@^1.4.3":
  "integrity" "sha512-tz8HClVrzTJshcyIu8frE15cjqjcBIu15Bezxsvl/i+6f59iNCN3kznlWjz0FEb3DlnDx3gW5szxeT6D1x0s0w=="
  "resolved" "https://registry.npmjs.org/browserfs/-/browserfs-1.4.3.tgz"
  "version" "1.4.3"
  dependencies:
    "async" "^2.1.4"
    "pako" "^1.0.4"

"bson-objectid@~2.0.3", "bson-objectid@~2.0.4":
  "integrity" "sha512-vgnKAUzcDoa+AeyYwXCoHyF2q6u/8H46dxu5JN+4/TZeq/Dlinn0K6GvxsCLb3LHUJl0m/TLiEK31kUwtgocMQ=="
  "resolved" "https://registry.npmjs.org/bson-objectid/-/bson-objectid-2.0.4.tgz"
  "version" "2.0.4"

"data-uri-to-buffer@^4.0.0":
  "integrity" "sha512-Vr3mLBA8qWmcuschSLAOogKgQ/Jwxulv3RNE4FXnYWRGujzrRWQI4m12fQqRkwX06C0KanhLr4hK+GydchZsaA=="
  "resolved" "https://registry.npmjs.org/data-uri-to-buffer/-/data-uri-to-buffer-4.0.0.tgz"
  "version" "4.0.0"

"device-decoder.third-party@^0.1.26":
  "integrity" "sha512-s38CEftCn9AUCSaaSx1Gfiyhhd70vObRvx5+1eolUOM04tHfpz+gmp8EtzAN4BPBZy4RLiovOviNQfJUcnL9Gg=="
  "resolved" "https://registry.npmjs.org/device-decoder.third-party/-/device-decoder.third-party-0.1.26.tgz"
  "version" "0.1.26"
  dependencies:
    "webgl-plot-utils" "~0.3.15"

"device-decoder@^0.3.8":
  "integrity" "sha512-+CO10OWBbQf+CvrRY9rnqV3diQADSdaTPmz23ti6LAkrHKLGWbllxNCeQD1At8Wd32edJP7yMjPTNblBzEtabA=="
  "resolved" "https://registry.npmjs.org/device-decoder/-/device-decoder-0.3.8.tgz"
  "version" "0.3.8"
  dependencies:
    "@capacitor-community/bluetooth-le" "~2.0.1"
    "brainsatplay-math" "~0.0.25"
    "graphscript" "~0.2.30"
    "graphscript-services" "~0.2.33"
    "graphscript-services.gpu" "~0.2.33"
    "graphscript-services.storage" "~0.2.33"
    "webgl-plot-utils" "~0.3.15"

"esmonitor@^0.1.2":
  "integrity" "sha512-xmxyVn2umQyRkOPfyj9QCmT7M5UIZsV4S+dOBqFgZSb3PLpBzOrYdOSEvb5O2BMBlW2mTmnqSTYxOSxIoq7UKg=="
  "resolved" "https://registry.npmjs.org/esmonitor/-/esmonitor-0.1.2.tgz"
  "version" "0.1.2"

"esmpile@0.1.5":
  "integrity" "sha512-9VDidgJB8nWrK5XWfEtTGBsiGQN3fAencBpJq6GxnDtqgER/rwe5vY6nCgrvOwoVoyCljnwQrUX9cGM/RS0cAA=="
  "resolved" "https://registry.npmjs.org/esmpile/-/esmpile-0.1.5.tgz"
  "version" "0.1.5"
  dependencies:
    "node-fetch" "^3.3.0"

"fetch-blob@^3.1.2", "fetch-blob@^3.1.4":
  "integrity" "sha512-7yAQpD2UMJzLi1Dqv7qFYnPbaPx7ZfFK6PiIxQ4PfkGPyNyl2Ugx+a/umUonmKqjhM4DnfbMvdX6otXq83soQQ=="
  "resolved" "https://registry.npmjs.org/fetch-blob/-/fetch-blob-3.2.0.tgz"
  "version" "3.2.0"
  dependencies:
    "node-domexception" "^1.0.0"
    "web-streams-polyfill" "^3.0.3"

"formdata-polyfill@^4.0.10":
  "integrity" "sha512-buewHzMvYL29jdeQTVILecSaZKnt/RJWjoZCF5OW60Z67/GmSLBkOFM7qh1PI3zFNtJbaZL5eQu1vLfazOwj4g=="
  "resolved" "https://registry.npmjs.org/formdata-polyfill/-/formdata-polyfill-4.0.10.tgz"
  "version" "4.0.10"
  dependencies:
    "fetch-blob" "^3.1.2"

"gpujsutils@~1.0.12":
  "integrity" "sha512-Zu6k59yavNqprmGGlrZT7fEVVex1Y5MWH/Eq7N5Mx8FrYRotmhtf2H4lAtlX9kR+TxffW51JUruJXnFOEvUg4Q=="
  "resolved" "https://registry.npmjs.org/gpujsutils/-/gpujsutils-1.0.12.tgz"
  "version" "1.0.12"

"graphscript-services.gpu@~0.2.33":
  "integrity" "sha512-baIk7IbxsAdfD4Lt56qYcVHTF7mUtwXJnPnS66LfXTh2CthatF1MB6Ob/a97f82fdr2syL6cCmMD4PpOCxYm9g=="
  "resolved" "https://registry.npmjs.org/graphscript-services.gpu/-/graphscript-services.gpu-0.2.35.tgz"
  "version" "0.2.35"
  dependencies:
    "brainsatplay-math" "~0.0.25"
    "browserfs" "^1.4.3"
    "bson-objectid" "~2.0.3"
    "gpujsutils" "~1.0.12"
    "webgl-plot-utils" "~0.3.15"

"graphscript-services.storage@~0.2.33":
  "integrity" "sha512-smYMwxth2P/Q0Zzg1HAKcR2XxdNwlJ1AB3q6O7KawiyWcI1eT37hX1w5PlUQqfmvUJ8LPGm57YJ9gGJtQEp1gg=="
  "resolved" "https://registry.npmjs.org/graphscript-services.storage/-/graphscript-services.storage-0.2.35.tgz"
  "version" "0.2.35"
  dependencies:
    "brainsatplay-math" "~0.0.25"
    "browserfs" "^1.4.3"
    "bson-objectid" "~2.0.4"
    "gpujsutils" "~1.0.12"
    "webgl-plot-utils" "~0.3.15"

"graphscript-services@~0.2.33":
  "integrity" "sha512-xjKvpuyRReniFkIpES6gVHCs1d6A9XYMD7t9Z5MByQJFxfHf/NCX/N0GNRcpUEnn3uxhs39jl1SqKOUxMOzmiw=="
  "resolved" "https://registry.npmjs.org/graphscript-services/-/graphscript-services-0.2.35.tgz"
  "version" "0.2.35"
  dependencies:
    "brainsatplay-math" "~0.0.25"
    "browserfs" "^1.4.3"
    "bson-objectid" "~2.0.4"
    "gpujsutils" "~1.0.12"
    "web-worker" "^1.2.0"
    "webgl-plot-utils" "~0.3.15"

"graphscript@~0.2.30":
  "integrity" "sha512-LTIWcSNg979tCX0yZDWlR+nifiTygf02mikrKfmysgyOp9BexW/BpxgoiM5aZ7UBW0ugLUnVndPp3xzCHrGr+Q=="
  "resolved" "https://registry.npmjs.org/graphscript/-/graphscript-0.2.35.tgz"
  "version" "0.2.35"
  dependencies:
    "better-sse" "~0.8.0"
    "brainsatplay-math" "~0.0.25"
    "bson-objectid" "~2.0.3"
    "web-worker" "~1.2.0"
    "ws" "~8.11.0"

"howler@^2.2.3":
  "integrity" "sha512-QM0FFkw0LRX1PR8pNzJVAY25JhIWvbKMBFM4gqk+QdV+kPXOhleWGCB6AiAF/goGjIHK2e/nIElplvjQwhr0jg=="
  "resolved" "https://registry.npmjs.org/howler/-/howler-2.2.3.tgz"
  "version" "2.2.3"

"lit-element@^3.2.0":
  "integrity" "sha512-6ZgxBR9KNroqKb6+htkyBwD90XGRiqKDHVrW/Eh0EZ+l+iC+u+v+w3/BA5NGi4nizAVHGYvQBHUDuSmLjPp7NQ=="
  "resolved" "https://registry.npmjs.org/lit-element/-/lit-element-3.2.2.tgz"
  "version" "3.2.2"
  dependencies:
    "@lit/reactive-element" "^1.3.0"
    "lit-html" "^2.2.0"

"lit-html@^2.2.0", "lit-html@^2.5.0":
  "integrity" "sha512-bLHosg1XL3JRUcKdSVI0sLCs0y1wWrj2sqqAN3cZ7bDDPNgmDHH29RV48x6Wz3ZmkxIupaE+z7uXSZ/pXWAO1g=="
  "resolved" "https://registry.npmjs.org/lit-html/-/lit-html-2.5.0.tgz"
  "version" "2.5.0"
  dependencies:
    "@types/trusted-types" "^2.0.2"

"lit@^2.5.0":
  "integrity" "sha512-DtnUP6vR3l4Q8nRPPNBD+UxbAhwJPeky+OVbi3pdgMqm0g57xFSl1Sj64D1rIB+nVNdiVVg8YxB0hqKjvdadZA=="
  "resolved" "https://registry.npmjs.org/lit/-/lit-2.5.0.tgz"
  "version" "2.5.0"
  dependencies:
    "@lit/reactive-element" "^1.5.0"
    "lit-element" "^3.2.0"
    "lit-html" "^2.5.0"

"lodash@^4.17.14":
  "integrity" "sha512-v2kDEe57lecTulaDIuNTPy3Ry4gLGJ6Z1O3vE1krgXZNrsQ+LFTGHVxVjcXPs17LhbZVGedAJv8XZ1tvj5FvSg=="
  "resolved" "https://registry.npmjs.org/lodash/-/lodash-4.17.21.tgz"
  "version" "4.17.21"

"node-domexception@^1.0.0":
  "integrity" "sha512-/jKZoMpw0F8GRwl4/eLROPA3cfcXtLApP0QzLmUT/HuPCZWyB7IY9ZrMeKw2O/nFIqPQB3PVM9aYm0F312AXDQ=="
  "resolved" "https://registry.npmjs.org/node-domexception/-/node-domexception-1.0.0.tgz"
  "version" "1.0.0"

"node-fetch@^3.3.0":
  "integrity" "sha512-BKwRP/O0UvoMKp7GNdwPlObhYGB5DQqwhEDQlNKuoqwVYSxkSZCSbHjnFFmUEtwSKRPU4kNK8PbDYYitwaE3QA=="
  "resolved" "https://registry.npmjs.org/node-fetch/-/node-fetch-3.3.0.tgz"
  "version" "3.3.0"
  dependencies:
    "data-uri-to-buffer" "^4.0.0"
    "fetch-blob" "^3.1.4"
    "formdata-polyfill" "^4.0.10"

"p5@^1.5.0":
  "integrity" "sha512-zZFMVUmGkXe2G5H6Sw7xsVhgdxMyEN/6SZnZqYdQ51513kTqPslLnukkwTbGf8YtW0RetTU0FTjYQMXnFD7KnQ=="
  "resolved" "https://registry.npmjs.org/p5/-/p5-1.5.0.tgz"
  "version" "1.5.0"

"pako@^1.0.4":
  "integrity" "sha512-4hLB8Py4zZce5s4yd9XzopqwVv/yGNhV1Bl8NTmCq1763HeK2+EwVTv+leGeL13Dnh2wfbqowVPXCIO0z4taYw=="
  "resolved" "https://registry.npmjs.org/pako/-/pako-1.0.11.tgz"
  "version" "1.0.11"

"resize-observer-polyfill@^1.5.1":
  "integrity" "sha512-LwZrotdHOo12nQuZlHEmtuXdqGoOD0OhaxopaNFxWzInpEgaLWoVuAMbTzixuosCx2nEG58ngzW3vxdWoxIgdg=="
  "resolved" "https://registry.npmjs.org/resize-observer-polyfill/-/resize-observer-polyfill-1.5.1.tgz"
  "version" "1.5.1"

"throat@^6.0.1":
  "integrity" "sha512-8hmiGIJMDlwjg7dlJ4yKGLK8EsYqKgPWbG3b4wjJddKNwc7N7Dpn08Df4szr/sZdMVeOstrdYSsqzX6BYbcB+w=="
  "resolved" "https://registry.npmjs.org/throat/-/throat-6.0.1.tgz"
  "version" "6.0.1"

"tinybuild@file:../../../tinybuild":
  "resolved" "file:../../../tinybuild"
  "version" "0.3.193"
  dependencies:
    "chokidar" "~3.5.3"
    "esbuild" "~0.14.49"
    "ws" "^8.5.0"

"tslib@^2.1.0":
  "integrity" "sha512-336iVw3rtn2BUK7ORdIAHTyxHGRIHVReokCR3XjbckJMK7ms8FysBfhLR8IXnAgy7T0PTPNBWKiH514FOW/WSg=="
  "resolved" "https://registry.npmjs.org/tslib/-/tslib-2.5.0.tgz"
  "version" "2.5.0"

"web-streams-polyfill@^3.0.3":
  "integrity" "sha512-e0MO3wdXWKrLbL0DgGnUV7WHVuw9OUvL4hjgnPkIeEvESk74gAITi5G606JtZPp39cd8HA9VQzCIvA49LpPN5Q=="
  "resolved" "https://registry.npmjs.org/web-streams-polyfill/-/web-streams-polyfill-3.2.1.tgz"
  "version" "3.2.1"

"web-worker@^1.2.0", "web-worker@~1.2.0":
  "integrity" "sha512-PgF341avzqyx60neE9DD+XS26MMNMoUQRz9NOZwW32nPQrF6p77f1htcnjBSEV8BGMKZ16choqUG4hyI0Hx7mA=="
  "resolved" "https://registry.npmjs.org/web-worker/-/web-worker-1.2.0.tgz"
  "version" "1.2.0"

"webgl-plot-utils@~0.3.15":
  "integrity" "sha512-OXPhrDATC4VVHVA4ySnxmvoSenNz/GNeX1e0vqPVyYt9l9bCSeZOou8tfOIAh5NoJ8UXZoq1yBNShLzwYAi8BA=="
  "resolved" "https://registry.npmjs.org/webgl-plot-utils/-/webgl-plot-utils-0.3.15.tgz"
  "version" "0.3.15"
  dependencies:
    "webgl-plot" "~0.7.0"

"webgl-plot@~0.7.0":
  "integrity" "sha512-/prs3XMFKlXcov3qvx3LxqMws0Dg68kmmHmO82Qm6FFGpeKME7c3nuVqSe9CG47BvG9mGVPxDMjRc0DP/jTc2A=="
  "resolved" "https://registry.npmjs.org/webgl-plot/-/webgl-plot-0.7.0.tgz"
  "version" "0.7.0"

"ws@~8.11.0":
  "integrity" "sha512-HPG3wQd9sNQoT9xHyNCXoDUa+Xw/VevmY9FoHyQ+g+rrMn4j6FB4np7Z0OhdTgjx6MgQLK7jwSy1YecU1+4Asg=="
  "resolved" "https://registry.npmjs.org/ws/-/ws-8.11.0.tgz"
  "version" "8.11.0"
